
Microsoft Visual Studio Solution File, Format Version 12.00
# Visual Studio Version 17
VisualStudioVersion = 17.10.35027.167
MinimumVisualStudioVersion = 10.0.40219.1
Project("{2150E333-8FDC-42A3-9474-1A3956D46DE8}") = "Topppro", "Topppro", "{A0CDEFBE-327F-4005-8D8F-2BD7C200B7D8}"
EndProject
Project("{2150E333-8FDC-42A3-9474-1A3956D46DE8}") = "Framework", "Framework", "{F931DB9F-1A66-4997-B17F-81A842AEFC74}"
	ProjectSection(SolutionItems) = preProject
		Framework\xFNet.Business.dll = Framework\xFNet.Business.dll
		Framework\xFNet.Common.dll = Framework\xFNet.Common.dll
		Framework\xFNet.Entities.dll = Framework\xFNet.Entities.dll
		Framework\xFNet.Interfaces.dll = Framework\xFNet.Interfaces.dll
		Framework\xFNet.Repositories.EF6.dll = Framework\xFNet.Repositories.EF6.dll
	EndProjectSection
EndProject
Project("{2150E333-8FDC-42A3-9474-1A3956D46DE8}") = "Solution Items", "Solution Items", "{B94C264A-85D1-475C-8F59-463B22D2EA7B}"
	ProjectSection(SolutionItems) = preProject
		Local.testsettings = Local.testsettings
		Topppro.vsmdi = Topppro.vsmdi
		TraceAndTestImpact.testsettings = TraceAndTestImpact.testsettings
	EndProjectSection
EndProject
Project("{FAE04EC0-301F-11D3-BF4B-00C04F79EFBC}") = "Topppro.Repositories", "Topppro.Repositories\Topppro.Repositories.csproj", "{D4349982-D74C-4E95-98B7-2AC714577465}"
EndProject
Project("{FAE04EC0-301F-11D3-BF4B-00C04F79EFBC}") = "Topppro.Interfaces", "Topppro.Interfaces\Topppro.Interfaces.csproj", "{7A427E5D-17F5-493E-956C-A08F80595F40}"
EndProject
Project("{FAE04EC0-301F-11D3-BF4B-00C04F79EFBC}") = "Topppro.Entities", "Topppro.Entities\Topppro.Entities.csproj", "{7788B508-E851-4A22-8B60-4F22A2BD5AC6}"
EndProject
Project("{FAE04EC0-301F-11D3-BF4B-00C04F79EFBC}") = "Topppro.Business", "Topppro.Business\Topppro.Business.csproj", "{43FE7D4D-0D10-484E-87D3-8695148C85C2}"
EndProject
Project("{FAE04EC0-301F-11D3-BF4B-00C04F79EFBC}") = "Topppro.Test", "Topppro.Test\Topppro.Test.csproj", "{5D357D98-E4CB-49EA-98E4-AAB710E2EC5C}"
EndProject
Project("{FAE04EC0-301F-11D3-BF4B-00C04F79EFBC}") = "Topppro.Context", "Topppro.Context\Topppro.Context.csproj", "{50088BEE-0728-475E-83FE-C23FA471F7FD}"
EndProject
Project("{FAE04EC0-301F-11D3-BF4B-00C04F79EFBC}") = "Topppro.SecureSite", "Topppro.SecureSite\Topppro.SecureSite.csproj", "{4B7C4A4B-66BB-44B0-8EF0-8D5E6A47C130}"
EndProject
Project("{FAE04EC0-301F-11D3-BF4B-00C04F79EFBC}") = "Topppro.Configuration", "Topppro.Configuration\Topppro.Configuration.csproj", "{E312E50B-FE66-4BA3-9AF9-42A1265CA931}"
EndProject
Global
	GlobalSection(SolutionConfigurationPlatforms) = preSolution
		Debug|Any CPU = Debug|Any CPU
		Release|Any CPU = Release|Any CPU
		Stage|Any CPU = Stage|Any CPU
	EndGlobalSection
	GlobalSection(ProjectConfigurationPlatforms) = postSolution
		{D4349982-D74C-4E95-98B7-2AC714577465}.Debug|Any CPU.ActiveCfg = Debug|Any CPU
		{D4349982-D74C-4E95-98B7-2AC714577465}.Debug|Any CPU.Build.0 = Debug|Any CPU
		{D4349982-D74C-4E95-98B7-2AC714577465}.Release|Any CPU.ActiveCfg = Release|Any CPU
		{D4349982-D74C-4E95-98B7-2AC714577465}.Release|Any CPU.Build.0 = Release|Any CPU
		{D4349982-D74C-4E95-98B7-2AC714577465}.Stage|Any CPU.ActiveCfg = Release|Any CPU
		{D4349982-D74C-4E95-98B7-2AC714577465}.Stage|Any CPU.Build.0 = Release|Any CPU
		{7A427E5D-17F5-493E-956C-A08F80595F40}.Debug|Any CPU.ActiveCfg = Debug|Any CPU
		{7A427E5D-17F5-493E-956C-A08F80595F40}.Debug|Any CPU.Build.0 = Debug|Any CPU
		{7A427E5D-17F5-493E-956C-A08F80595F40}.Release|Any CPU.ActiveCfg = Release|Any CPU
		{7A427E5D-17F5-493E-956C-A08F80595F40}.Release|Any CPU.Build.0 = Release|Any CPU
		{7A427E5D-17F5-493E-956C-A08F80595F40}.Stage|Any CPU.ActiveCfg = Release|Any CPU
		{7A427E5D-17F5-493E-956C-A08F80595F40}.Stage|Any CPU.Build.0 = Release|Any CPU
		{7788B508-E851-4A22-8B60-4F22A2BD5AC6}.Debug|Any CPU.ActiveCfg = Debug|Any CPU
		{7788B508-E851-4A22-8B60-4F22A2BD5AC6}.Debug|Any CPU.Build.0 = Debug|Any CPU
		{7788B508-E851-4A22-8B60-4F22A2BD5AC6}.Release|Any CPU.ActiveCfg = Release|Any CPU
		{7788B508-E851-4A22-8B60-4F22A2BD5AC6}.Release|Any CPU.Build.0 = Release|Any CPU
		{7788B508-E851-4A22-8B60-4F22A2BD5AC6}.Stage|Any CPU.ActiveCfg = Release|Any CPU
		{7788B508-E851-4A22-8B60-4F22A2BD5AC6}.Stage|Any CPU.Build.0 = Release|Any CPU
		{43FE7D4D-0D10-484E-87D3-8695148C85C2}.Debug|Any CPU.ActiveCfg = Debug|Any CPU
		{43FE7D4D-0D10-484E-87D3-8695148C85C2}.Debug|Any CPU.Build.0 = Debug|Any CPU
		{43FE7D4D-0D10-484E-87D3-8695148C85C2}.Release|Any CPU.ActiveCfg = Release|Any CPU
		{43FE7D4D-0D10-484E-87D3-8695148C85C2}.Release|Any CPU.Build.0 = Release|Any CPU
		{43FE7D4D-0D10-484E-87D3-8695148C85C2}.Stage|Any CPU.ActiveCfg = Release|Any CPU
		{43FE7D4D-0D10-484E-87D3-8695148C85C2}.Stage|Any CPU.Build.0 = Release|Any CPU
		{5D357D98-E4CB-49EA-98E4-AAB710E2EC5C}.Debug|Any CPU.ActiveCfg = Debug|Any CPU
		{5D357D98-E4CB-49EA-98E4-AAB710E2EC5C}.Debug|Any CPU.Build.0 = Debug|Any CPU
		{5D357D98-E4CB-49EA-98E4-AAB710E2EC5C}.Release|Any CPU.ActiveCfg = Release|Any CPU
		{5D357D98-E4CB-49EA-98E4-AAB710E2EC5C}.Release|Any CPU.Build.0 = Release|Any CPU
		{5D357D98-E4CB-49EA-98E4-AAB710E2EC5C}.Stage|Any CPU.ActiveCfg = Release|Any CPU
		{5D357D98-E4CB-49EA-98E4-AAB710E2EC5C}.Stage|Any CPU.Build.0 = Release|Any CPU
		{50088BEE-0728-475E-83FE-C23FA471F7FD}.Debug|Any CPU.ActiveCfg = Debug|Any CPU
		{50088BEE-0728-475E-83FE-C23FA471F7FD}.Debug|Any CPU.Build.0 = Debug|Any CPU
		{50088BEE-0728-475E-83FE-C23FA471F7FD}.Release|Any CPU.ActiveCfg = Release|Any CPU
		{50088BEE-0728-475E-83FE-C23FA471F7FD}.Release|Any CPU.Build.0 = Release|Any CPU
		{50088BEE-0728-475E-83FE-C23FA471F7FD}.Stage|Any CPU.ActiveCfg = Release|Any CPU
		{50088BEE-0728-475E-83FE-C23FA471F7FD}.Stage|Any CPU.Build.0 = Release|Any CPU
		{4B7C4A4B-66BB-44B0-8EF0-8D5E6A47C130}.Debug|Any CPU.ActiveCfg = Debug|Any CPU
		{4B7C4A4B-66BB-44B0-8EF0-8D5E6A47C130}.Debug|Any CPU.Build.0 = Debug|Any CPU
		{4B7C4A4B-66BB-44B0-8EF0-8D5E6A47C130}.Release|Any CPU.ActiveCfg = Release|Any CPU
		{4B7C4A4B-66BB-44B0-8EF0-8D5E6A47C130}.Release|Any CPU.Build.0 = Release|Any CPU
		{4B7C4A4B-66BB-44B0-8EF0-8D5E6A47C130}.Stage|Any CPU.ActiveCfg = Release|Any CPU
		{4B7C4A4B-66BB-44B0-8EF0-8D5E6A47C130}.Stage|Any CPU.Build.0 = Release|Any CPU
		{E312E50B-FE66-4BA3-9AF9-42A1265CA931}.Debug|Any CPU.ActiveCfg = Debug|Any CPU
		{E312E50B-FE66-4BA3-9AF9-42A1265CA931}.Debug|Any CPU.Build.0 = Debug|Any CPU
		{E312E50B-FE66-4BA3-9AF9-42A1265CA931}.Release|Any CPU.ActiveCfg = Release|Any CPU
		{E312E50B-FE66-4BA3-9AF9-42A1265CA931}.Release|Any CPU.Build.0 = Release|Any CPU
		{E312E50B-FE66-4BA3-9AF9-42A1265CA931}.Stage|Any CPU.ActiveCfg = Release|Any CPU
		{E312E50B-FE66-4BA3-9AF9-42A1265CA931}.Stage|Any CPU.Build.0 = Release|Any CPU
	EndGlobalSection
	GlobalSection(SolutionProperties) = preSolution
		HideSolutionNode = FALSE
	EndGlobalSection
	GlobalSection(NestedProjects) = preSolution
		{B94C264A-85D1-475C-8F59-463B22D2EA7B} = {A0CDEFBE-327F-4005-8D8F-2BD7C200B7D8}
		{D4349982-D74C-4E95-98B7-2AC714577465} = {A0CDEFBE-327F-4005-8D8F-2BD7C200B7D8}
		{7A427E5D-17F5-493E-956C-A08F80595F40} = {A0CDEFBE-327F-4005-8D8F-2BD7C200B7D8}
		{7788B508-E851-4A22-8B60-4F22A2BD5AC6} = {A0CDEFBE-327F-4005-8D8F-2BD7C200B7D8}
		{43FE7D4D-0D10-484E-87D3-8695148C85C2} = {A0CDEFBE-327F-4005-8D8F-2BD7C200B7D8}
		{5D357D98-E4CB-49EA-98E4-AAB710E2EC5C} = {A0CDEFBE-327F-4005-8D8F-2BD7C200B7D8}
		{50088BEE-0728-475E-83FE-C23FA471F7FD} = {A0CDEFBE-327F-4005-8D8F-2BD7C200B7D8}
		{4B7C4A4B-66BB-44B0-8EF0-8D5E6A47C130} = {A0CDEFBE-327F-4005-8D8F-2BD7C200B7D8}
		{E312E50B-FE66-4BA3-9AF9-42A1265CA931} = {A0CDEFBE-327F-4005-8D8F-2BD7C200B7D8}
	EndGlobalSection
	GlobalSection(ExtensibilityGlobals) = postSolution
		SolutionGuid = {F83B1A87-BD7F-422E-9EA5-6B4885880FA9}
		EnterpriseLibraryConfigurationToolBinariesPath = packages\Unity.2.1.505.0\lib\NET35
	EndGlobalSection
	GlobalSection(TestCaseManagementSettings) = postSolution
		CategoryFile = Topppro.vsmdi
	EndGlobalSection
EndGlobal
