
Microsoft Visual Studio Solution File, Format Version 12.00
# Visual Studio 15
VisualStudioVersion = 15.0.27703.2035
MinimumVisualStudioVersion = 10.0.40219.1
Project("{FAE04EC0-301F-11D3-BF4B-00C04F79EFBC}") = "Topppro.Entities", "Topppro.Entities\Topppro.Entities.csproj", "{B8BC3FB7-0FAF-45C6-99EC-845CF87A20E2}"
EndProject
Project("{2150E333-8FDC-42A3-9474-1A3956D46DE8}") = "Topppro", "Topppro", "{A0CDEFBE-327F-4005-8D8F-2BD7C200B7D8}"
EndProject
Project("{FAE04EC0-301F-11D3-BF4B-00C04F79EFBC}") = "Topppro.Business", "Topppro.Business\Topppro.Business.csproj", "{4F16A269-29C7-4B3C-9AE1-97E0DD74AADB}"
EndProject
Project("{2150E333-8FDC-42A3-9474-1A3956D46DE8}") = "Framework", "Framework", "{F931DB9F-1A66-4997-B17F-81A842AEFC74}"
	ProjectSection(SolutionItems) = preProject
		Framework\Framework.Business.dll = Framework\Framework.Business.dll
		Framework\Framework.Cache.dll = Framework\Framework.Cache.dll
		Framework\Framework.Common.dll = Framework\Framework.Common.dll
		Framework\Framework.Context.dll = Framework\Framework.Context.dll
		Framework\Framework.Entities.dll = Framework\Framework.Entities.dll
		Framework\Framework.Interfaces.dll = Framework\Framework.Interfaces.dll
		Framework\Framework.IO.dll = Framework\Framework.IO.dll
		Framework\Framework.MVC.dll = Framework\Framework.MVC.dll
		Framework\Framework.Repositories.dll = Framework\Framework.Repositories.dll
		Framework\Framework.Security.dll = Framework\Framework.Security.dll
	EndProjectSection
EndProject
Project("{FAE04EC0-301F-11D3-BF4B-00C04F79EFBC}") = "Topppro.Interfaces", "Topppro.Interfaces\Topppro.Interfaces.csproj", "{468C85B0-1393-4F0D-86C2-C1C18D13346C}"
EndProject
Project("{FAE04EC0-301F-11D3-BF4B-00C04F79EFBC}") = "Topppro.Repositories", "Topppro.Repositories\Topppro.Repositories.csproj", "{0B224F41-8002-4188-90B1-594EDEE682A8}"
EndProject
Project("{FAE04EC0-301F-11D3-BF4B-00C04F79EFBC}") = "Topppro.Test", "Topppro.Test\Topppro.Test.csproj", "{F9236FD1-258B-4870-903C-1806464FE749}"
EndProject
Project("{2150E333-8FDC-42A3-9474-1A3956D46DE8}") = "Solution Items", "Solution Items", "{B94C264A-85D1-475C-8F59-463B22D2EA7B}"
	ProjectSection(SolutionItems) = preProject
		Local.testsettings = Local.testsettings
		Topppro.vsmdi = Topppro.vsmdi
		TraceAndTestImpact.testsettings = TraceAndTestImpact.testsettings
	EndProjectSection
EndProject
Project("{FAE04EC0-301F-11D3-BF4B-00C04F79EFBC}") = "Topppro.Context", "Topppro.Context\Topppro.Context.csproj", "{ED0DCC80-0D66-4B3D-A484-D785B6EEE4A6}"
EndProject
Project("{FAE04EC0-301F-11D3-BF4B-00C04F79EFBC}") = "Topppro.WebSite", "Topppro.WebSite\Topppro.WebSite.csproj", "{5E026DA3-EB08-4118-81AB-F3C0A92A7CDB}"
EndProject
Global
	GlobalSection(SolutionConfigurationPlatforms) = preSolution
		Debug|Any CPU = Debug|Any CPU
		Release|Any CPU = Release|Any CPU
		Stage|Any CPU = Stage|Any CPU
	EndGlobalSection
	GlobalSection(ProjectConfigurationPlatforms) = postSolution
		{B8BC3FB7-0FAF-45C6-99EC-845CF87A20E2}.Debug|Any CPU.ActiveCfg = Debug|Any CPU
		{B8BC3FB7-0FAF-45C6-99EC-845CF87A20E2}.Debug|Any CPU.Build.0 = Debug|Any CPU
		{B8BC3FB7-0FAF-45C6-99EC-845CF87A20E2}.Release|Any CPU.ActiveCfg = Release|Any CPU
		{B8BC3FB7-0FAF-45C6-99EC-845CF87A20E2}.Release|Any CPU.Build.0 = Release|Any CPU
		{B8BC3FB7-0FAF-45C6-99EC-845CF87A20E2}.Stage|Any CPU.ActiveCfg = Stage|Any CPU
		{B8BC3FB7-0FAF-45C6-99EC-845CF87A20E2}.Stage|Any CPU.Build.0 = Stage|Any CPU
		{4F16A269-29C7-4B3C-9AE1-97E0DD74AADB}.Debug|Any CPU.ActiveCfg = Debug|Any CPU
		{4F16A269-29C7-4B3C-9AE1-97E0DD74AADB}.Debug|Any CPU.Build.0 = Debug|Any CPU
		{4F16A269-29C7-4B3C-9AE1-97E0DD74AADB}.Release|Any CPU.ActiveCfg = Release|Any CPU
		{4F16A269-29C7-4B3C-9AE1-97E0DD74AADB}.Release|Any CPU.Build.0 = Release|Any CPU
		{4F16A269-29C7-4B3C-9AE1-97E0DD74AADB}.Stage|Any CPU.ActiveCfg = Stage|Any CPU
		{4F16A269-29C7-4B3C-9AE1-97E0DD74AADB}.Stage|Any CPU.Build.0 = Stage|Any CPU
		{468C85B0-1393-4F0D-86C2-C1C18D13346C}.Debug|Any CPU.ActiveCfg = Debug|Any CPU
		{468C85B0-1393-4F0D-86C2-C1C18D13346C}.Debug|Any CPU.Build.0 = Debug|Any CPU
		{468C85B0-1393-4F0D-86C2-C1C18D13346C}.Release|Any CPU.ActiveCfg = Release|Any CPU
		{468C85B0-1393-4F0D-86C2-C1C18D13346C}.Release|Any CPU.Build.0 = Release|Any CPU
		{468C85B0-1393-4F0D-86C2-C1C18D13346C}.Stage|Any CPU.ActiveCfg = Stage|Any CPU
		{468C85B0-1393-4F0D-86C2-C1C18D13346C}.Stage|Any CPU.Build.0 = Stage|Any CPU
		{0B224F41-8002-4188-90B1-594EDEE682A8}.Debug|Any CPU.ActiveCfg = Debug|Any CPU
		{0B224F41-8002-4188-90B1-594EDEE682A8}.Debug|Any CPU.Build.0 = Debug|Any CPU
		{0B224F41-8002-4188-90B1-594EDEE682A8}.Release|Any CPU.ActiveCfg = Release|Any CPU
		{0B224F41-8002-4188-90B1-594EDEE682A8}.Release|Any CPU.Build.0 = Release|Any CPU
		{0B224F41-8002-4188-90B1-594EDEE682A8}.Stage|Any CPU.ActiveCfg = Stage|Any CPU
		{0B224F41-8002-4188-90B1-594EDEE682A8}.Stage|Any CPU.Build.0 = Stage|Any CPU
		{F9236FD1-258B-4870-903C-1806464FE749}.Debug|Any CPU.ActiveCfg = Debug|Any CPU
		{F9236FD1-258B-4870-903C-1806464FE749}.Debug|Any CPU.Build.0 = Debug|Any CPU
		{F9236FD1-258B-4870-903C-1806464FE749}.Release|Any CPU.ActiveCfg = Release|Any CPU
		{F9236FD1-258B-4870-903C-1806464FE749}.Stage|Any CPU.ActiveCfg = Stage|Any CPU
		{ED0DCC80-0D66-4B3D-A484-D785B6EEE4A6}.Debug|Any CPU.ActiveCfg = Debug|Any CPU
		{ED0DCC80-0D66-4B3D-A484-D785B6EEE4A6}.Debug|Any CPU.Build.0 = Debug|Any CPU
		{ED0DCC80-0D66-4B3D-A484-D785B6EEE4A6}.Release|Any CPU.ActiveCfg = Release|Any CPU
		{ED0DCC80-0D66-4B3D-A484-D785B6EEE4A6}.Release|Any CPU.Build.0 = Release|Any CPU
		{ED0DCC80-0D66-4B3D-A484-D785B6EEE4A6}.Stage|Any CPU.ActiveCfg = Stage|Any CPU
		{ED0DCC80-0D66-4B3D-A484-D785B6EEE4A6}.Stage|Any CPU.Build.0 = Stage|Any CPU
		{5E026DA3-EB08-4118-81AB-F3C0A92A7CDB}.Debug|Any CPU.ActiveCfg = Debug|Any CPU
		{5E026DA3-EB08-4118-81AB-F3C0A92A7CDB}.Debug|Any CPU.Build.0 = Debug|Any CPU
		{5E026DA3-EB08-4118-81AB-F3C0A92A7CDB}.Release|Any CPU.ActiveCfg = Release|Any CPU
		{5E026DA3-EB08-4118-81AB-F3C0A92A7CDB}.Release|Any CPU.Build.0 = Release|Any CPU
		{5E026DA3-EB08-4118-81AB-F3C0A92A7CDB}.Stage|Any CPU.ActiveCfg = Release|Any CPU
		{5E026DA3-EB08-4118-81AB-F3C0A92A7CDB}.Stage|Any CPU.Build.0 = Release|Any CPU
	EndGlobalSection
	GlobalSection(SolutionProperties) = preSolution
		HideSolutionNode = FALSE
	EndGlobalSection
	GlobalSection(NestedProjects) = preSolution
		{B8BC3FB7-0FAF-45C6-99EC-845CF87A20E2} = {A0CDEFBE-327F-4005-8D8F-2BD7C200B7D8}
		{4F16A269-29C7-4B3C-9AE1-97E0DD74AADB} = {A0CDEFBE-327F-4005-8D8F-2BD7C200B7D8}
		{468C85B0-1393-4F0D-86C2-C1C18D13346C} = {A0CDEFBE-327F-4005-8D8F-2BD7C200B7D8}
		{0B224F41-8002-4188-90B1-594EDEE682A8} = {A0CDEFBE-327F-4005-8D8F-2BD7C200B7D8}
		{F9236FD1-258B-4870-903C-1806464FE749} = {A0CDEFBE-327F-4005-8D8F-2BD7C200B7D8}
		{B94C264A-85D1-475C-8F59-463B22D2EA7B} = {A0CDEFBE-327F-4005-8D8F-2BD7C200B7D8}
		{ED0DCC80-0D66-4B3D-A484-D785B6EEE4A6} = {A0CDEFBE-327F-4005-8D8F-2BD7C200B7D8}
		{5E026DA3-EB08-4118-81AB-F3C0A92A7CDB} = {A0CDEFBE-327F-4005-8D8F-2BD7C200B7D8}
	EndGlobalSection
	GlobalSection(ExtensibilityGlobals) = postSolution
		SolutionGuid = {F83B1A87-BD7F-422E-9EA5-6B4885880FA9}
		EnterpriseLibraryConfigurationToolBinariesPath = packages\Unity.2.1.505.0\lib\NET35
	EndGlobalSection
	GlobalSection(TestCaseManagementSettings) = postSolution
		CategoryFile = Topppro.vsmdi
	EndGlobalSection
EndGlobal
